
Microsoft Visual Studio Solution File, Format Version 12.00
# Visual Studio Version 16
VisualStudioVersion = 16.0.30621.155
MinimumVisualStudioVersion = 10.0.40219.1
Project("{FAE04EC0-301F-11D3-BF4B-00C04F79EFBC}") = "LinxJMS", "LinxJMS\LinxJMS.csproj", "{7C7B9A04-0102-43D3-89B6-A68206CF700C}"
EndProject
Global
	GlobalSection(SolutionConfigurationPlatforms) = preSolution
		Debug|Any CPU = Debug|Any CPU
		Release|Any CPU = Release|Any CPU
	EndGlobalSection
	GlobalSection(ProjectConfigurationPlatforms) = postSolution
		{7C7B9A04-0102-43D3-89B6-A68206CF700C}.Debug|Any CPU.ActiveCfg = Debug|Any CPU
		{7C7B9A04-0102-43D3-89B6-A68206CF700C}.Debug|Any CPU.Build.0 = Debug|Any CPU
		{7C7B9A04-0102-43D3-89B6-A68206CF700C}.Release|Any CPU.ActiveCfg = Release|Any CPU
		{7C7B9A04-0102-43D3-89B6-A68206CF700C}.Release|Any CPU.Build.0 = Release|Any CPU
	EndGlobalSection
	GlobalSection(SolutionProperties) = preSolution
		HideSolutionNode = FALSE
	EndGlobalSection
	GlobalSection(ExtensibilityGlobals) = postSolution
		SolutionGuid = {049D2F35-B2E8-45AE-A571-A496A6A359D8}
	EndGlobalSection
EndGlobal
